
Microsoft Visual Studio Solution File, Format Version 12.00
# Visual Studio Version 17
VisualStudioVersion = 17.13.35931.197 d17.13
MinimumVisualStudioVersion = 10.0.40219.1
Project("{FAE04EC0-301F-11D3-BF4B-00C04F79EFBC}") = "checkmark", "checkmark\checkmark.csproj", "{EECCDEA3-DDE9-4352-8482-103617B1092F}"
EndProject
Global
	GlobalSection(SolutionConfigurationPlatforms) = preSolution
		Debug|Any CPU = Debug|Any CPU
		Release|Any CPU = Release|Any CPU
	EndGlobalSection
	GlobalSection(ProjectConfigurationPlatforms) = postSolution
		{EECCDEA3-DDE9-4352-8482-103617B1092F}.Debug|Any CPU.ActiveCfg = Debug|Any CPU
		{EECCDEA3-DDE9-4352-8482-103617B1092F}.Debug|Any CPU.Build.0 = Debug|Any CPU
		{EECCDEA3-DDE9-4352-8482-103617B1092F}.Release|Any CPU.ActiveCfg = Release|Any CPU
		{EECCDEA3-DDE9-4352-8482-103617B1092F}.Release|Any CPU.Build.0 = Release|Any CPU
	EndGlobalSection
	GlobalSection(SolutionProperties) = preSolution
		HideSolutionNode = FALSE
	EndGlobalSection
	GlobalSection(ExtensibilityGlobals) = postSolution
		SolutionGuid = {61702869-97DF-44A6-8AA1-519DB85ACE6C}
	EndGlobalSection
EndGlobal
